{
  "name": "scaler",
  "version": "1.0.0",
  "lockfileVersion": 1,
  "requires": true,
  "dependencies": {
    "polylinear-scale": {
      "version": "1.1.6",
      "resolved": "https://registry.npmjs.org/polylinear-scale/-/polylinear-scale-1.1.6.tgz",
      "integrity": "sha1-rFNjjClCVVOMs93PI4r5VBBF0xA="
    }
  }
}
